// !$*UTF8*$!
{
	archiveVersion = 1;
	classes = {
	};
	objectVersion = 54;
	objects = {

/* Begin PBXBuildFile section */
		0C80B921A6F3F58F76C31292 /* libPods-StandBy.a in Frameworks */ = {isa = PBXBuildFile; fileRef = 5DCACB8F33CDC322A6C60F78 /* libPods-StandBy.a */; };
		13B07FBF1A68108700A75B9A /* Images.xcassets in Resources */ = {isa = PBXBuildFile; fileRef = 13B07FB51A68108700A75B9A /* Images.xcassets */; };
		761780ED2CA45674006654EE /* AppDelegate.swift in Sources */ = {isa = PBXBuildFile; fileRef = 761780EC2CA45674006654EE /* AppDelegate.swift */; };
		81AB9BB82411601600AC10FF /* LaunchScreen.storyboard in Resources */ = {isa = PBXBuildFile; fileRef = 81AB9BB72411601600AC10FF /* LaunchScreen.storyboard */; };
		7270C687EE624569981A2826 /* Figtree-SemiBold.ttf in Resources */ = {isa = PBXBuildFile; fileRef = 04CE9422EBFF4127B74EC0D4 /* Figtree-SemiBold.ttf */; };
		D8DB48D069B64154887B1F2B /* Figtree-Black.ttf in Resources */ = {isa = PBXBuildFile; fileRef = 5497790229DC44C4BD6AEFF8 /* Figtree-Black.ttf */; };
		C48B71BB7A6C4BECB3281280 /* Figtree-BlackItalic.ttf in Resources */ = {isa = PBXBuildFile; fileRef = 48B8718287E342B8AD11BB91 /* Figtree-BlackItalic.ttf */; };
		656200C6B37449A1AD7C12FE /* Figtree-Bold.ttf in Resources */ = {isa = PBXBuildFile; fileRef = D8762EF4A5D54B26A112ABC6 /* Figtree-Bold.ttf */; };
		048BDE849BE74146963836EA /* Figtree-BoldItalic.ttf in Resources */ = {isa = PBXBuildFile; fileRef = CD6AA034CDE0472FBBBE819C /* Figtree-BoldItalic.ttf */; };
		F08AEB6A63064D239896B0CA /* Figtree-ExtraBold.ttf in Resources */ = {isa = PBXBuildFile; fileRef = 0713F176908B4D6C81EAF7C0 /* Figtree-ExtraBold.ttf */; };
		956D664FB9C34388AE9CE20B /* Figtree-ExtraBoldItalic.ttf in Resources */ = {isa = PBXBuildFile; fileRef = 297674FCE916422EA2CE3FC2 /* Figtree-ExtraBoldItalic.ttf */; };
		2507A174336443C29ADAC9E7 /* Figtree-Italic.ttf in Resources */ = {isa = PBXBuildFile; fileRef = 9FC0CB629F854FDABBDAF01E /* Figtree-Italic.ttf */; };
		4F7937D465D543F1A01E3384 /* Figtree-Light.ttf in Resources */ = {isa = PBXBuildFile; fileRef = F970BA266DC14507855D461A /* Figtree-Light.ttf */; };
		F506E7FCF1DB4711A63BE0F2 /* Figtree-LightItalic.ttf in Resources */ = {isa = PBXBuildFile; fileRef = 7748E2B2074D4D75997BEF92 /* Figtree-LightItalic.ttf */; };
		7BC31CCF6CA54AA5A82AAC96 /* Figtree-Medium.ttf in Resources */ = {isa = PBXBuildFile; fileRef = ECB9927E5C454F1E835D7E1F /* Figtree-Medium.ttf */; };
		33CC011046324B659246A7F9 /* Figtree-MediumItalic.ttf in Resources */ = {isa = PBXBuildFile; fileRef = 4B1AA985C05E47CF8C7D9DF0 /* Figtree-MediumItalic.ttf */; };
		2DEB93B757064F2BB6FE19DD /* Figtree-Regular.ttf in Resources */ = {isa = PBXBuildFile; fileRef = 77F6BFF3648A4DC19D77D6CE /* Figtree-Regular.ttf */; };
		804B5916F8F54CD3BD032B43 /* Figtree-SemiBoldItalic.ttf in Resources */ = {isa = PBXBuildFile; fileRef = 84A6F3F99ECD4B289EAF31E1 /* Figtree-SemiBoldItalic.ttf */; };
		3B2FECA15F2B44BE8E416864 /* LeagueGothic-Regular.ttf in Resources */ = {isa = PBXBuildFile; fileRef = F349F598B071419CA8462451 /* LeagueGothic-Regular.ttf */; };
		F43EB93A42314432BFD8BC87 /* LeagueGothic_Condensed-Regular.ttf in Resources */ = {isa = PBXBuildFile; fileRef = 406C7EAC333640D39A6730AB /* LeagueGothic_Condensed-Regular.ttf */; };
		8D536ADC3AEA43A0A69BA5C6 /* LeagueGothic_SemiCondensed-Regular.ttf in Resources */ = {isa = PBXBuildFile; fileRef = A3594B527B7E47729E219262 /* LeagueGothic_SemiCondensed-Regular.ttf */; };
		58567935A768400DA9EA6CB8 /* Quicksand-Bold.ttf in Resources */ = {isa = PBXBuildFile; fileRef = 6934E43FE55B4EF8836A7AC2 /* Quicksand-Bold.ttf */; };
		75FEB3C420CA4E349AA225D0 /* Quicksand-Light.ttf in Resources */ = {isa = PBXBuildFile; fileRef = 769DBA4900A14074B1D8261F /* Quicksand-Light.ttf */; };
		A9967FF475594B258165EE27 /* Quicksand-Medium.ttf in Resources */ = {isa = PBXBuildFile; fileRef = 42D1C1BC159E4F6E9F4BC4C2 /* Quicksand-Medium.ttf */; };
		17D29B5312034B4B83EEB110 /* Quicksand-Regular.ttf in Resources */ = {isa = PBXBuildFile; fileRef = 6B5F8F47E2F84112A0145D1A /* Quicksand-Regular.ttf */; };
		2CABE9E552084E25BEE2466D /* Quicksand-SemiBold.ttf in Resources */ = {isa = PBXBuildFile; fileRef = 8C2938F13F6E4C70A5E1E14B /* Quicksand-SemiBold.ttf */; };
/* End PBXBuildFile section */

/* Begin PBXFileReference section */
		13B07F961A680F5B00A75B9A /* StandBy.app */ = {isa = PBXFileReference; explicitFileType = wrapper.application; includeInIndex = 0; path = StandBy.app; sourceTree = BUILT_PRODUCTS_DIR; };
		13B07FB51A68108700A75B9A /* Images.xcassets */ = {isa = PBXFileReference; lastKnownFileType = folder.assetcatalog; name = Images.xcassets; path = StandBy/Images.xcassets; sourceTree = "<group>"; };
		13B07FB61A68108700A75B9A /* Info.plist */ = {isa = PBXFileReference; fileEncoding = 4; lastKnownFileType = text.plist.xml; name = Info.plist; path = StandBy/Info.plist; sourceTree = "<group>"; };
		13B07FB81A68108700A75B9A /* PrivacyInfo.xcprivacy */ = {isa = PBXFileReference; fileEncoding = 4; lastKnownFileType = text.plist.xml; name = PrivacyInfo.xcprivacy; path = StandBy/PrivacyInfo.xcprivacy; sourceTree = "<group>"; };
		3B4392A12AC88292D35C810B /* Pods-StandBy.debug.xcconfig */ = {isa = PBXFileReference; includeInIndex = 1; lastKnownFileType = text.xcconfig; name = "Pods-StandBy.debug.xcconfig"; path = "Target Support Files/Pods-StandBy/Pods-StandBy.debug.xcconfig"; sourceTree = "<group>"; };
		5709B34CF0A7D63546082F79 /* Pods-StandBy.release.xcconfig */ = {isa = PBXFileReference; includeInIndex = 1; lastKnownFileType = text.xcconfig; name = "Pods-StandBy.release.xcconfig"; path = "Target Support Files/Pods-StandBy/Pods-StandBy.release.xcconfig"; sourceTree = "<group>"; };
		5DCACB8F33CDC322A6C60F78 /* libPods-StandBy.a */ = {isa = PBXFileReference; explicitFileType = archive.ar; includeInIndex = 0; path = "libPods-StandBy.a"; sourceTree = BUILT_PRODUCTS_DIR; };
		761780EC2CA45674006654EE /* AppDelegate.swift */ = {isa = PBXFileReference; lastKnownFileType = sourcecode.swift; name = AppDelegate.swift; path = StandBy/AppDelegate.swift; sourceTree = "<group>"; };
		81AB9BB72411601600AC10FF /* LaunchScreen.storyboard */ = {isa = PBXFileReference; fileEncoding = 4; lastKnownFileType = file.storyboard; name = LaunchScreen.storyboard; path = StandBy/LaunchScreen.storyboard; sourceTree = "<group>"; };
		ED297162215061F000B7C4FE /* JavaScriptCore.framework */ = {isa = PBXFileReference; lastKnownFileType = wrapper.framework; name = JavaScriptCore.framework; path = System/Library/Frameworks/JavaScriptCore.framework; sourceTree = SDKROOT; };
		04CE9422EBFF4127B74EC0D4 /* Figtree-SemiBold.ttf */ = {isa = PBXFileReference; name = "Figtree-SemiBold.ttf"; path = "../assets/fonts/Figtree-SemiBold.ttf"; sourceTree = "<group>"; fileEncoding = undefined; lastKnownFileType = unknown; explicitFileType = undefined; includeInIndex = 0; };
		5497790229DC44C4BD6AEFF8 /* Figtree-Black.ttf */ = {isa = PBXFileReference; name = "Figtree-Black.ttf"; path = "../assets/fonts/Figtree-Black.ttf"; sourceTree = "<group>"; fileEncoding = undefined; lastKnownFileType = unknown; explicitFileType = undefined; includeInIndex = 0; };
		48B8718287E342B8AD11BB91 /* Figtree-BlackItalic.ttf */ = {isa = PBXFileReference; name = "Figtree-BlackItalic.ttf"; path = "../assets/fonts/Figtree-BlackItalic.ttf"; sourceTree = "<group>"; fileEncoding = undefined; lastKnownFileType = unknown; explicitFileType = undefined; includeInIndex = 0; };
		D8762EF4A5D54B26A112ABC6 /* Figtree-Bold.ttf */ = {isa = PBXFileReference; name = "Figtree-Bold.ttf"; path = "../assets/fonts/Figtree-Bold.ttf"; sourceTree = "<group>"; fileEncoding = undefined; lastKnownFileType = unknown; explicitFileType = undefined; includeInIndex = 0; };
		CD6AA034CDE0472FBBBE819C /* Figtree-BoldItalic.ttf */ = {isa = PBXFileReference; name = "Figtree-BoldItalic.ttf"; path = "../assets/fonts/Figtree-BoldItalic.ttf"; sourceTree = "<group>"; fileEncoding = undefined; lastKnownFileType = unknown; explicitFileType = undefined; includeInIndex = 0; };
		0713F176908B4D6C81EAF7C0 /* Figtree-ExtraBold.ttf */ = {isa = PBXFileReference; name = "Figtree-ExtraBold.ttf"; path = "../assets/fonts/Figtree-ExtraBold.ttf"; sourceTree = "<group>"; fileEncoding = undefined; lastKnownFileType = unknown; explicitFileType = undefined; includeInIndex = 0; };
		297674FCE916422EA2CE3FC2 /* Figtree-ExtraBoldItalic.ttf */ = {isa = PBXFileReference; name = "Figtree-ExtraBoldItalic.ttf"; path = "../assets/fonts/Figtree-ExtraBoldItalic.ttf"; sourceTree = "<group>"; fileEncoding = undefined; lastKnownFileType = unknown; explicitFileType = undefined; includeInIndex = 0; };
		9FC0CB629F854FDABBDAF01E /* Figtree-Italic.ttf */ = {isa = PBXFileReference; name = "Figtree-Italic.ttf"; path = "../assets/fonts/Figtree-Italic.ttf"; sourceTree = "<group>"; fileEncoding = undefined; lastKnownFileType = unknown; explicitFileType = undefined; includeInIndex = 0; };
		F970BA266DC14507855D461A /* Figtree-Light.ttf */ = {isa = PBXFileReference; name = "Figtree-Light.ttf"; path = "../assets/fonts/Figtree-Light.ttf"; sourceTree = "<group>"; fileEncoding = undefined; lastKnownFileType = unknown; explicitFileType = undefined; includeInIndex = 0; };
		7748E2B2074D4D75997BEF92 /* Figtree-LightItalic.ttf */ = {isa = PBXFileReference; name = "Figtree-LightItalic.ttf"; path = "../assets/fonts/Figtree-LightItalic.ttf"; sourceTree = "<group>"; fileEncoding = undefined; lastKnownFileType = unknown; explicitFileType = undefined; includeInIndex = 0; };
		ECB9927E5C454F1E835D7E1F /* Figtree-Medium.ttf */ = {isa = PBXFileReference; name = "Figtree-Medium.ttf"; path = "../assets/fonts/Figtree-Medium.ttf"; sourceTree = "<group>"; fileEncoding = undefined; lastKnownFileType = unknown; explicitFileType = undefined; includeInIndex = 0; };
		4B1AA985C05E47CF8C7D9DF0 /* Figtree-MediumItalic.ttf */ = {isa = PBXFileReference; name = "Figtree-MediumItalic.ttf"; path = "../assets/fonts/Figtree-MediumItalic.ttf"; sourceTree = "<group>"; fileEncoding = undefined; lastKnownFileType = unknown; explicitFileType = undefined; includeInIndex = 0; };
		77F6BFF3648A4DC19D77D6CE /* Figtree-Regular.ttf */ = {isa = PBXFileReference; name = "Figtree-Regular.ttf"; path = "../assets/fonts/Figtree-Regular.ttf"; sourceTree = "<group>"; fileEncoding = undefined; lastKnownFileType = unknown; explicitFileType = undefined; includeInIndex = 0; };
		84A6F3F99ECD4B289EAF31E1 /* Figtree-SemiBoldItalic.ttf */ = {isa = PBXFileReference; name = "Figtree-SemiBoldItalic.ttf"; path = "../assets/fonts/Figtree-SemiBoldItalic.ttf"; sourceTree = "<group>"; fileEncoding = undefined; lastKnownFileType = unknown; explicitFileType = undefined; includeInIndex = 0; };
		F349F598B071419CA8462451 /* LeagueGothic-Regular.ttf */ = {isa = PBXFileReference; name = "LeagueGothic-Regular.ttf"; path = "../assets/fonts/LeagueGothic-Regular.ttf"; sourceTree = "<group>"; fileEncoding = undefined; lastKnownFileType = unknown; explicitFileType = undefined; includeInIndex = 0; };
		406C7EAC333640D39A6730AB /* LeagueGothic_Condensed-Regular.ttf */ = {isa = PBXFileReference; name = "LeagueGothic_Condensed-Regular.ttf"; path = "../assets/fonts/LeagueGothic_Condensed-Regular.ttf"; sourceTree = "<group>"; fileEncoding = undefined; lastKnownFileType = unknown; explicitFileType = undefined; includeInIndex = 0; };
		A3594B527B7E47729E219262 /* LeagueGothic_SemiCondensed-Regular.ttf */ = {isa = PBXFileReference; name = "LeagueGothic_SemiCondensed-Regular.ttf"; path = "../assets/fonts/LeagueGothic_SemiCondensed-Regular.ttf"; sourceTree = "<group>"; fileEncoding = undefined; lastKnownFileType = unknown; explicitFileType = undefined; includeInIndex = 0; };
		6934E43FE55B4EF8836A7AC2 /* Quicksand-Bold.ttf */ = {isa = PBXFileReference; name = "Quicksand-Bold.ttf"; path = "../assets/fonts/Quicksand-Bold.ttf"; sourceTree = "<group>"; fileEncoding = undefined; lastKnownFileType = unknown; explicitFileType = undefined; includeInIndex = 0; };
		769DBA4900A14074B1D8261F /* Quicksand-Light.ttf */ = {isa = PBXFileReference; name = "Quicksand-Light.ttf"; path = "../assets/fonts/Quicksand-Light.ttf"; sourceTree = "<group>"; fileEncoding = undefined; lastKnownFileType = unknown; explicitFileType = undefined; includeInIndex = 0; };
		42D1C1BC159E4F6E9F4BC4C2 /* Quicksand-Medium.ttf */ = {isa = PBXFileReference; name = "Quicksand-Medium.ttf"; path = "../assets/fonts/Quicksand-Medium.ttf"; sourceTree = "<group>"; fileEncoding = undefined; lastKnownFileType = unknown; explicitFileType = undefined; includeInIndex = 0; };
		6B5F8F47E2F84112A0145D1A /* Quicksand-Regular.ttf */ = {isa = PBXFileReference; name = "Quicksand-Regular.ttf"; path = "../assets/fonts/Quicksand-Regular.ttf"; sourceTree = "<group>"; fileEncoding = undefined; lastKnownFileType = unknown; explicitFileType = undefined; includeInIndex = 0; };
		8C2938F13F6E4C70A5E1E14B /* Quicksand-SemiBold.ttf */ = {isa = PBXFileReference; name = "Quicksand-SemiBold.ttf"; path = "../assets/fonts/Quicksand-SemiBold.ttf"; sourceTree = "<group>"; fileEncoding = undefined; lastKnownFileType = unknown; explicitFileType = undefined; includeInIndex = 0; };
/* End PBXFileReference section */

/* Begin PBXFrameworksBuildPhase section */
		13B07F8C1A680F5B00A75B9A /* Frameworks */ = {
			isa = PBXFrameworksBuildPhase;
			buildActionMask = 2147483647;
			files = (
				0C80B921A6F3F58F76C31292 /* libPods-StandBy.a in Frameworks */,
			);
			runOnlyForDeploymentPostprocessing = 0;
		};
/* End PBXFrameworksBuildPhase section */

/* Begin PBXGroup section */
		13B07FAE1A68108700A75B9A /* StandBy */ = {
			isa = PBXGroup;
			children = (
				13B07FB51A68108700A75B9A /* Images.xcassets */,
				761780EC2CA45674006654EE /* AppDelegate.swift */,
				13B07FB61A68108700A75B9A /* Info.plist */,
				81AB9BB72411601600AC10FF /* LaunchScreen.storyboard */,
				13B07FB81A68108700A75B9A /* PrivacyInfo.xcprivacy */,
			);
			name = StandBy;
			sourceTree = "<group>";
		};
		2D16E6871FA4F8E400B85C8A /* Frameworks */ = {
			isa = PBXGroup;
			children = (
				ED297162215061F000B7C4FE /* JavaScriptCore.framework */,
				5DCACB8F33CDC322A6C60F78 /* libPods-StandBy.a */,
			);
			name = Frameworks;
			sourceTree = "<group>";
		};
		832341AE1AAA6A7D00B99B32 /* Libraries */ = {
			isa = PBXGroup;
			children = (
			);
			name = Libraries;
			sourceTree = "<group>";
		};
		83CBB9F61A601CBA00E9B192 = {
			isa = PBXGroup;
			children = (
				13B07FAE1A68108700A75B9A /* StandBy */,
				832341AE1AAA6A7D00B99B32 /* Libraries */,
				83CBBA001A601CBA00E9B192 /* Products */,
				2D16E6871FA4F8E400B85C8A /* Frameworks */,
				BBD78D7AC51CEA395F1C20DB /* Pods */,
				70363295367F48C4A3611107 /* Resources */,
			);
			indentWidth = 2;
			sourceTree = "<group>";
			tabWidth = 2;
			usesTabs = 0;
		};
		83CBBA001A601CBA00E9B192 /* Products */ = {
			isa = PBXGroup;
			children = (
				13B07F961A680F5B00A75B9A /* StandBy.app */,
			);
			name = Products;
			sourceTree = "<group>";
		};
		BBD78D7AC51CEA395F1C20DB /* Pods */ = {
			isa = PBXGroup;
			children = (
				3B4392A12AC88292D35C810B /* Pods-StandBy.debug.xcconfig */,
				5709B34CF0A7D63546082F79 /* Pods-StandBy.release.xcconfig */,
			);
			path = Pods;
			sourceTree = "<group>";
		};
		70363295367F48C4A3611107 /* Resources */ = {
			isa = "PBXGroup";
			children = (
				04CE9422EBFF4127B74EC0D4 /* Figtree-SemiBold.ttf */,
				5497790229DC44C4BD6AEFF8 /* Figtree-Black.ttf */,
				48B8718287E342B8AD11BB91 /* Figtree-BlackItalic.ttf */,
				D8762EF4A5D54B26A112ABC6 /* Figtree-Bold.ttf */,
				CD6AA034CDE0472FBBBE819C /* Figtree-BoldItalic.ttf */,
				0713F176908B4D6C81EAF7C0 /* Figtree-ExtraBold.ttf */,
				297674FCE916422EA2CE3FC2 /* Figtree-ExtraBoldItalic.ttf */,
				9FC0CB629F854FDABBDAF01E /* Figtree-Italic.ttf */,
				F970BA266DC14507855D461A /* Figtree-Light.ttf */,
				7748E2B2074D4D75997BEF92 /* Figtree-LightItalic.ttf */,
				ECB9927E5C454F1E835D7E1F /* Figtree-Medium.ttf */,
				4B1AA985C05E47CF8C7D9DF0 /* Figtree-MediumItalic.ttf */,
				77F6BFF3648A4DC19D77D6CE /* Figtree-Regular.ttf */,
				84A6F3F99ECD4B289EAF31E1 /* Figtree-SemiBoldItalic.ttf */,
				F349F598B071419CA8462451 /* LeagueGothic-Regular.ttf */,
				406C7EAC333640D39A6730AB /* LeagueGothic_Condensed-Regular.ttf */,
				A3594B527B7E47729E219262 /* LeagueGothic_SemiCondensed-Regular.ttf */,
				6934E43FE55B4EF8836A7AC2 /* Quicksand-Bold.ttf */,
				769DBA4900A14074B1D8261F /* Quicksand-Light.ttf */,
				42D1C1BC159E4F6E9F4BC4C2 /* Quicksand-Medium.ttf */,
				6B5F8F47E2F84112A0145D1A /* Quicksand-Regular.ttf */,
				8C2938F13F6E4C70A5E1E14B /* Quicksand-SemiBold.ttf */,
			);
			name = Resources;
			sourceTree = "<group>";
			path = "";
		};
/* End PBXGroup section */

/* Begin PBXNativeTarget section */
		13B07F861A680F5B00A75B9A /* StandBy */ = {
			isa = PBXNativeTarget;
			buildConfigurationList = 13B07F931A680F5B00A75B9A /* Build configuration list for PBXNativeTarget "StandBy" */;
			buildPhases = (
				C38B50BA6285516D6DCD4F65 /* [CP] Check Pods Manifest.lock */,
				13B07F871A680F5B00A75B9A /* Sources */,
				13B07F8C1A680F5B00A75B9A /* Frameworks */,
				13B07F8E1A680F5B00A75B9A /* Resources */,
				00DD1BFF1BD5951E006B06BC /* Bundle React Native code and images */,
				00EEFC60759A1932668264C0 /* [CP] Embed Pods Frameworks */,
				E235C05ADACE081382539298 /* [CP] Copy Pods Resources */,
			);
			buildRules = (
			);
			dependencies = (
			);
			name = StandBy;
			productName = StandBy;
			productReference = 13B07F961A680F5B00A75B9A /* StandBy.app */;
			productType = "com.apple.product-type.application";
		};
/* End PBXNativeTarget section */

/* Begin PBXProject section */
		83CBB9F71A601CBA00E9B192 /* Project object */ = {
			isa = PBXProject;
			attributes = {
				LastUpgradeCheck = 1210;
				TargetAttributes = {
					13B07F861A680F5B00A75B9A = {
						LastSwiftMigration = 1120;
					};
				};
			};
			buildConfigurationList = 83CBB9FA1A601CBA00E9B192 /* Build configuration list for PBXProject "StandBy" */;
			compatibilityVersion = "Xcode 12.0";
			developmentRegion = en;
			hasScannedForEncodings = 0;
			knownRegions = (
				en,
				Base,
			);
			mainGroup = 83CBB9F61A601CBA00E9B192;
			productRefGroup = 83CBBA001A601CBA00E9B192 /* Products */;
			projectDirPath = "";
			projectRoot = "";
			targets = (
				13B07F861A680F5B00A75B9A /* StandBy */,
			);
		};
/* End PBXProject section */

/* Begin PBXResourcesBuildPhase section */
		13B07F8E1A680F5B00A75B9A /* Resources */ = {
			isa = PBXResourcesBuildPhase;
			buildActionMask = 2147483647;
			files = (
				81AB9BB82411601600AC10FF /* LaunchScreen.storyboard in Resources */,
				13B07FBF1A68108700A75B9A /* Images.xcassets in Resources */,
				7270C687EE624569981A2826 /* Figtree-SemiBold.ttf in Resources */,
				D8DB48D069B64154887B1F2B /* Figtree-Black.ttf in Resources */,
				C48B71BB7A6C4BECB3281280 /* Figtree-BlackItalic.ttf in Resources */,
				656200C6B37449A1AD7C12FE /* Figtree-Bold.ttf in Resources */,
				048BDE849BE74146963836EA /* Figtree-BoldItalic.ttf in Resources */,
				F08AEB6A63064D239896B0CA /* Figtree-ExtraBold.ttf in Resources */,
				956D664FB9C34388AE9CE20B /* Figtree-ExtraBoldItalic.ttf in Resources */,
				2507A174336443C29ADAC9E7 /* Figtree-Italic.ttf in Resources */,
				4F7937D465D543F1A01E3384 /* Figtree-Light.ttf in Resources */,
				F506E7FCF1DB4711A63BE0F2 /* Figtree-LightItalic.ttf in Resources */,
				7BC31CCF6CA54AA5A82AAC96 /* Figtree-Medium.ttf in Resources */,
				33CC011046324B659246A7F9 /* Figtree-MediumItalic.ttf in Resources */,
				2DEB93B757064F2BB6FE19DD /* Figtree-Regular.ttf in Resources */,
				804B5916F8F54CD3BD032B43 /* Figtree-SemiBoldItalic.ttf in Resources */,
				3B2FECA15F2B44BE8E416864 /* LeagueGothic-Regular.ttf in Resources */,
				F43EB93A42314432BFD8BC87 /* LeagueGothic_Condensed-Regular.ttf in Resources */,
				8D536ADC3AEA43A0A69BA5C6 /* LeagueGothic_SemiCondensed-Regular.ttf in Resources */,
				58567935A768400DA9EA6CB8 /* Quicksand-Bold.ttf in Resources */,
				75FEB3C420CA4E349AA225D0 /* Quicksand-Light.ttf in Resources */,
				A9967FF475594B258165EE27 /* Quicksand-Medium.ttf in Resources */,
				17D29B5312034B4B83EEB110 /* Quicksand-Regular.ttf in Resources */,
				2CABE9E552084E25BEE2466D /* Quicksand-SemiBold.ttf in Resources */,
			);
			runOnlyForDeploymentPostprocessing = 0;
		};
/* End PBXResourcesBuildPhase section */

/* Begin PBXShellScriptBuildPhase section */
		00DD1BFF1BD5951E006B06BC /* Bundle React Native code and images */ = {
			isa = PBXShellScriptBuildPhase;
			buildActionMask = 2147483647;
			files = (
			);
			inputPaths = (
				"$(SRCROOT)/.xcode.env.local",
				"$(SRCROOT)/.xcode.env",
			);
			name = "Bundle React Native code and images";
			outputPaths = (
			);
			runOnlyForDeploymentPostprocessing = 0;
			shellPath = /bin/sh;
			shellScript = "set -e\n\nWITH_ENVIRONMENT=\"$REACT_NATIVE_PATH/scripts/xcode/with-environment.sh\"\nREACT_NATIVE_XCODE=\"$REACT_NATIVE_PATH/scripts/react-native-xcode.sh\"\n\n/bin/sh -c \"$WITH_ENVIRONMENT $REACT_NATIVE_XCODE\"\n";
		};
		00EEFC60759A1932668264C0 /* [CP] Embed Pods Frameworks */ = {
			isa = PBXShellScriptBuildPhase;
			buildActionMask = 2147483647;
			files = (
			);
			inputFileListPaths = (
				"${PODS_ROOT}/Target Support Files/Pods-StandBy/Pods-StandBy-frameworks-${CONFIGURATION}-input-files.xcfilelist",
			);
			name = "[CP] Embed Pods Frameworks";
			outputFileListPaths = (
				"${PODS_ROOT}/Target Support Files/Pods-StandBy/Pods-StandBy-frameworks-${CONFIGURATION}-output-files.xcfilelist",
			);
			runOnlyForDeploymentPostprocessing = 0;
			shellPath = /bin/sh;
			shellScript = "\"${PODS_ROOT}/Target Support Files/Pods-StandBy/Pods-StandBy-frameworks.sh\"\n";
			showEnvVarsInLog = 0;
		};
		C38B50BA6285516D6DCD4F65 /* [CP] Check Pods Manifest.lock */ = {
			isa = PBXShellScriptBuildPhase;
			buildActionMask = 2147483647;
			files = (
			);
			inputFileListPaths = (
			);
			inputPaths = (
				"${PODS_PODFILE_DIR_PATH}/Podfile.lock",
				"${PODS_ROOT}/Manifest.lock",
			);
			name = "[CP] Check Pods Manifest.lock";
			outputFileListPaths = (
			);
			outputPaths = (
				"$(DERIVED_FILE_DIR)/Pods-StandBy-checkManifestLockResult.txt",
			);
			runOnlyForDeploymentPostprocessing = 0;
			shellPath = /bin/sh;
			shellScript = "diff \"${PODS_PODFILE_DIR_PATH}/Podfile.lock\" \"${PODS_ROOT}/Manifest.lock\" > /dev/null\nif [ $? != 0 ] ; then\n    # print error to STDERR\n    echo \"error: The sandbox is not in sync with the Podfile.lock. Run 'pod install' or update your CocoaPods installation.\" >&2\n    exit 1\nfi\n# This output is used by Xcode 'outputs' to avoid re-running this script phase.\necho \"SUCCESS\" > \"${SCRIPT_OUTPUT_FILE_0}\"\n";
			showEnvVarsInLog = 0;
		};
		E235C05ADACE081382539298 /* [CP] Copy Pods Resources */ = {
			isa = PBXShellScriptBuildPhase;
			buildActionMask = 2147483647;
			files = (
			);
			inputFileListPaths = (
				"${PODS_ROOT}/Target Support Files/Pods-StandBy/Pods-StandBy-resources-${CONFIGURATION}-input-files.xcfilelist",
			);
			name = "[CP] Copy Pods Resources";
			outputFileListPaths = (
				"${PODS_ROOT}/Target Support Files/Pods-StandBy/Pods-StandBy-resources-${CONFIGURATION}-output-files.xcfilelist",
			);
			runOnlyForDeploymentPostprocessing = 0;
			shellPath = /bin/sh;
			shellScript = "\"${PODS_ROOT}/Target Support Files/Pods-StandBy/Pods-StandBy-resources.sh\"\n";
			showEnvVarsInLog = 0;
		};
/* End PBXShellScriptBuildPhase section */

/* Begin PBXSourcesBuildPhase section */
		13B07F871A680F5B00A75B9A /* Sources */ = {
			isa = PBXSourcesBuildPhase;
			buildActionMask = 2147483647;
			files = (
				761780ED2CA45674006654EE /* AppDelegate.swift in Sources */,
			);
			runOnlyForDeploymentPostprocessing = 0;
		};
/* End PBXSourcesBuildPhase section */

/* Begin XCBuildConfiguration section */
		13B07F941A680F5B00A75B9A /* Debug */ = {
			isa = XCBuildConfiguration;
			baseConfigurationReference = 3B4392A12AC88292D35C810B /* Pods-StandBy.debug.xcconfig */;
			buildSettings = {
				ASSETCATALOG_COMPILER_APPICON_NAME = AppIcon;
				CLANG_ENABLE_MODULES = YES;
				CURRENT_PROJECT_VERSION = 1;
				ENABLE_BITCODE = NO;
				INFOPLIST_FILE = StandBy/Info.plist;
				IPHONEOS_DEPLOYMENT_TARGET = 15.1;
				LD_RUNPATH_SEARCH_PATHS = (
					"$(inherited)",
					"@executable_path/Frameworks",
				);
				MARKETING_VERSION = 1.0;
				OTHER_LDFLAGS = (
					"$(inherited)",
					"-ObjC",
					"-lc++",
				);
				PRODUCT_BUNDLE_IDENTIFIER = "org.reactjs.native.example.$(PRODUCT_NAME:rfc1034identifier)";
				PRODUCT_NAME = StandBy;
				SWIFT_OPTIMIZATION_LEVEL = "-Onone";
				SWIFT_VERSION = 5.0;
				VERSIONING_SYSTEM = "apple-generic";
			};
			name = Debug;
		};
		13B07F951A680F5B00A75B9A /* Release */ = {
			isa = XCBuildConfiguration;
			baseConfigurationReference = 5709B34CF0A7D63546082F79 /* Pods-StandBy.release.xcconfig */;
			buildSettings = {
				ASSETCATALOG_COMPILER_APPICON_NAME = AppIcon;
				CLANG_ENABLE_MODULES = YES;
				CURRENT_PROJECT_VERSION = 1;
				INFOPLIST_FILE = StandBy/Info.plist;
				IPHONEOS_DEPLOYMENT_TARGET = 15.1;
				LD_RUNPATH_SEARCH_PATHS = (
					"$(inherited)",
					"@executable_path/Frameworks",
				);
				MARKETING_VERSION = 1.0;
				OTHER_LDFLAGS = (
					"$(inherited)",
					"-ObjC",
					"-lc++",
				);
				PRODUCT_BUNDLE_IDENTIFIER = "org.reactjs.native.example.$(PRODUCT_NAME:rfc1034identifier)";
				PRODUCT_NAME = StandBy;
				SWIFT_VERSION = 5.0;
				VERSIONING_SYSTEM = "apple-generic";
			};
			name = Release;
		};
		83CBBA201A601CBA00E9B192 /* Debug */ = {
			isa = XCBuildConfiguration;
			buildSettings = {
				ALWAYS_SEARCH_USER_PATHS = NO;
				CLANG_ANALYZER_LOCALIZABILITY_NONLOCALIZED = YES;
				CLANG_CXX_LANGUAGE_STANDARD = "c++20";
				CLANG_CXX_LIBRARY = "libc++";
				CLANG_ENABLE_MODULES = YES;
				CLANG_ENABLE_OBJC_ARC = YES;
				CLANG_WARN_BLOCK_CAPTURE_AUTORELEASING = YES;
				CLANG_WARN_BOOL_CONVERSION = YES;
				CLANG_WARN_COMMA = YES;
				CLANG_WARN_CONSTANT_CONVERSION = YES;
				CLANG_WARN_DEPRECATED_OBJC_IMPLEMENTATIONS = YES;
				CLANG_WARN_DIRECT_OBJC_ISA_USAGE = YES_ERROR;
				CLANG_WARN_EMPTY_BODY = YES;
				CLANG_WARN_ENUM_CONVERSION = YES;
				CLANG_WARN_INFINITE_RECURSION = YES;
				CLANG_WARN_INT_CONVERSION = YES;
				CLANG_WARN_NON_LITERAL_NULL_CONVERSION = YES;
				CLANG_WARN_OBJC_IMPLICIT_RETAIN_SELF = YES;
				CLANG_WARN_OBJC_LITERAL_CONVERSION = YES;
				CLANG_WARN_OBJC_ROOT_CLASS = YES_ERROR;
				CLANG_WARN_QUOTED_INCLUDE_IN_FRAMEWORK_HEADER = YES;
				CLANG_WARN_RANGE_LOOP_ANALYSIS = YES;
				CLANG_WARN_STRICT_PROTOTYPES = YES;
				CLANG_WARN_SUSPICIOUS_MOVE = YES;
				CLANG_WARN_UNREACHABLE_CODE = YES;
				CLANG_WARN__DUPLICATE_METHOD_MATCH = YES;
				"CODE_SIGN_IDENTITY[sdk=iphoneos*]" = "iPhone Developer";
				COPY_PHASE_STRIP = NO;
				ENABLE_STRICT_OBJC_MSGSEND = YES;
				ENABLE_TESTABILITY = YES;
				"EXCLUDED_ARCHS[sdk=iphonesimulator*]" = "";
				GCC_C_LANGUAGE_STANDARD = gnu99;
				GCC_DYNAMIC_NO_PIC = NO;
				GCC_NO_COMMON_BLOCKS = YES;
				GCC_OPTIMIZATION_LEVEL = 0;
				GCC_PREPROCESSOR_DEFINITIONS = (
					"DEBUG=1",
					"$(inherited)",
				);
				GCC_SYMBOLS_PRIVATE_EXTERN = NO;
				GCC_WARN_64_TO_32_BIT_CONVERSION = YES;
				GCC_WARN_ABOUT_RETURN_TYPE = YES_ERROR;
				GCC_WARN_UNDECLARED_SELECTOR = YES;
				GCC_WARN_UNINITIALIZED_AUTOS = YES_AGGRESSIVE;
				GCC_WARN_UNUSED_FUNCTION = YES;
				GCC_WARN_UNUSED_VARIABLE = YES;
				IPHONEOS_DEPLOYMENT_TARGET = 15.1;
				LD_RUNPATH_SEARCH_PATHS = (
					/usr/lib/swift,
					"$(inherited)",
				);
				LIBRARY_SEARCH_PATHS = (
					"\"$(SDKROOT)/usr/lib/swift\"",
					"\"$(TOOLCHAIN_DIR)/usr/lib/swift/$(PLATFORM_NAME)\"",
					"\"$(inherited)\"",
				);
				MTL_ENABLE_DEBUG_INFO = YES;
				ONLY_ACTIVE_ARCH = YES;
				OTHER_CPLUSPLUSFLAGS = (
					"$(OTHER_CFLAGS)",
					"-DFOLLY_NO_CONFIG",
					"-DFOLLY_MOBILE=1",
					"-DFOLLY_USE_LIBCPP=1",
					"-DFOLLY_CFG_NO_COROUTINES=1",
					"-DFOLLY_HAVE_CLOCK_GETTIME=1",
				);
				SDKROOT = iphoneos;
			};
			name = Debug;
		};
		83CBBA211A601CBA00E9B192 /* Release */ = {
			isa = XCBuildConfiguration;
			buildSettings = {
				ALWAYS_SEARCH_USER_PATHS = NO;
				CLANG_ANALYZER_LOCALIZABILITY_NONLOCALIZED = YES;
				CLANG_CXX_LANGUAGE_STANDARD = "c++20";
				CLANG_CXX_LIBRARY = "libc++";
				CLANG_ENABLE_MODULES = YES;
				CLANG_ENABLE_OBJC_ARC = YES;
				CLANG_WARN_BLOCK_CAPTURE_AUTORELEASING = YES;
				CLANG_WARN_BOOL_CONVERSION = YES;
				CLANG_WARN_COMMA = YES;
				CLANG_WARN_CONSTANT_CONVERSION = YES;
				CLANG_WARN_DEPRECATED_OBJC_IMPLEMENTATIONS = YES;
				CLANG_WARN_DIRECT_OBJC_ISA_USAGE = YES_ERROR;
				CLANG_WARN_EMPTY_BODY = YES;
				CLANG_WARN_ENUM_CONVERSION = YES;
				CLANG_WARN_INFINITE_RECURSION = YES;
				CLANG_WARN_INT_CONVERSION = YES;
				CLANG_WARN_NON_LITERAL_NULL_CONVERSION = YES;
				CLANG_WARN_OBJC_IMPLICIT_RETAIN_SELF = YES;
				CLANG_WARN_OBJC_LITERAL_CONVERSION = YES;
				CLANG_WARN_OBJC_ROOT_CLASS = YES_ERROR;
				CLANG_WARN_QUOTED_INCLUDE_IN_FRAMEWORK_HEADER = YES;
				CLANG_WARN_RANGE_LOOP_ANALYSIS = YES;
				CLANG_WARN_STRICT_PROTOTYPES = YES;
				CLANG_WARN_SUSPICIOUS_MOVE = YES;
				CLANG_WARN_UNREACHABLE_CODE = YES;
				CLANG_WARN__DUPLICATE_METHOD_MATCH = YES;
				"CODE_SIGN_IDENTITY[sdk=iphoneos*]" = "iPhone Developer";
				COPY_PHASE_STRIP = YES;
				ENABLE_NS_ASSERTIONS = NO;
				ENABLE_STRICT_OBJC_MSGSEND = YES;
				"EXCLUDED_ARCHS[sdk=iphonesimulator*]" = "";
				GCC_C_LANGUAGE_STANDARD = gnu99;
				GCC_NO_COMMON_BLOCKS = YES;
				GCC_WARN_64_TO_32_BIT_CONVERSION = YES;
				GCC_WARN_ABOUT_RETURN_TYPE = YES_ERROR;
				GCC_WARN_UNDECLARED_SELECTOR = YES;
				GCC_WARN_UNINITIALIZED_AUTOS = YES_AGGRESSIVE;
				GCC_WARN_UNUSED_FUNCTION = YES;
				GCC_WARN_UNUSED_VARIABLE = YES;
				IPHONEOS_DEPLOYMENT_TARGET = 15.1;
				LD_RUNPATH_SEARCH_PATHS = (
					/usr/lib/swift,
					"$(inherited)",
				);
				LIBRARY_SEARCH_PATHS = (
					"\"$(SDKROOT)/usr/lib/swift\"",
					"\"$(TOOLCHAIN_DIR)/usr/lib/swift/$(PLATFORM_NAME)\"",
					"\"$(inherited)\"",
				);
				MTL_ENABLE_DEBUG_INFO = NO;
				OTHER_CPLUSPLUSFLAGS = (
					"$(OTHER_CFLAGS)",
					"-DFOLLY_NO_CONFIG",
					"-DFOLLY_MOBILE=1",
					"-DFOLLY_USE_LIBCPP=1",
					"-DFOLLY_CFG_NO_COROUTINES=1",
					"-DFOLLY_HAVE_CLOCK_GETTIME=1",
				);
				SDKROOT = iphoneos;
				VALIDATE_PRODUCT = YES;
			};
			name = Release;
		};
/* End XCBuildConfiguration section */

/* Begin XCConfigurationList section */
		13B07F931A680F5B00A75B9A /* Build configuration list for PBXNativeTarget "StandBy" */ = {
			isa = XCConfigurationList;
			buildConfigurations = (
				13B07F941A680F5B00A75B9A /* Debug */,
				13B07F951A680F5B00A75B9A /* Release */,
			);
			defaultConfigurationIsVisible = 0;
			defaultConfigurationName = Release;
		};
		83CBB9FA1A601CBA00E9B192 /* Build configuration list for PBXProject "StandBy" */ = {
			isa = XCConfigurationList;
			buildConfigurations = (
				83CBBA201A601CBA00E9B192 /* Debug */,
				83CBBA211A601CBA00E9B192 /* Release */,
			);
			defaultConfigurationIsVisible = 0;
			defaultConfigurationName = Release;
		};
/* End XCConfigurationList section */
	};
	rootObject = 83CBB9F71A601CBA00E9B192 /* Project object */;
}
